
Microsoft Visual Studio Solution File, Format Version 12.00
# Visual Studio Version 16
VisualStudioVersion = 16.0.31911.196
MinimumVisualStudioVersion = 10.0.40219.1
Project("{9A19103F-16F7-4668-BE54-9A1E7A4F7556}") = "Shoposphere.Services", "Shoposphere.Services\Shoposphere.Services.csproj", "{FBD9A1B6-FED8-4D90-B26F-2FD8992D1BFB}"
EndProject
Project("{9A19103F-16F7-4668-BE54-9A1E7A4F7556}") = "Shoposphere.Data", "Shoposphere.Data\Shoposphere.Data.csproj", "{FB5DCFB7-4162-4C13-A7DD-B6930CA084AB}"
EndProject
Project("{9A19103F-16F7-4668-BE54-9A1E7A4F7556}") = "Shoposphere.Admin", "Shoposphere.Admin\Shoposphere.Admin.csproj", "{BE62D41C-A367-4B8F-A6FA-77802318F43E}"
EndProject
Project("{FAE04EC0-301F-11D3-BF4B-00C04F79EFBC}") = "Shoposphere.UI", "Shoposphere.UI\Shoposphere.UI.csproj", "{9EF6B21E-ED80-495F-985A-F40C61B3879D}"
EndProject
Global
	GlobalSection(SolutionConfigurationPlatforms) = preSolution
		Debug|Any CPU = Debug|Any CPU
		Release|Any CPU = Release|Any CPU
	EndGlobalSection
	GlobalSection(ProjectConfigurationPlatforms) = postSolution
		{FBD9A1B6-FED8-4D90-B26F-2FD8992D1BFB}.Debug|Any CPU.ActiveCfg = Debug|Any CPU
		{FBD9A1B6-FED8-4D90-B26F-2FD8992D1BFB}.Debug|Any CPU.Build.0 = Debug|Any CPU
		{FBD9A1B6-FED8-4D90-B26F-2FD8992D1BFB}.Release|Any CPU.ActiveCfg = Release|Any CPU
		{FBD9A1B6-FED8-4D90-B26F-2FD8992D1BFB}.Release|Any CPU.Build.0 = Release|Any CPU
		{FB5DCFB7-4162-4C13-A7DD-B6930CA084AB}.Debug|Any CPU.ActiveCfg = Debug|Any CPU
		{FB5DCFB7-4162-4C13-A7DD-B6930CA084AB}.Debug|Any CPU.Build.0 = Debug|Any CPU
		{FB5DCFB7-4162-4C13-A7DD-B6930CA084AB}.Release|Any CPU.ActiveCfg = Release|Any CPU
		{FB5DCFB7-4162-4C13-A7DD-B6930CA084AB}.Release|Any CPU.Build.0 = Release|Any CPU
		{BE62D41C-A367-4B8F-A6FA-77802318F43E}.Debug|Any CPU.ActiveCfg = Debug|Any CPU
		{BE62D41C-A367-4B8F-A6FA-77802318F43E}.Debug|Any CPU.Build.0 = Debug|Any CPU
		{BE62D41C-A367-4B8F-A6FA-77802318F43E}.Release|Any CPU.ActiveCfg = Release|Any CPU
		{BE62D41C-A367-4B8F-A6FA-77802318F43E}.Release|Any CPU.Build.0 = Release|Any CPU
		{9EF6B21E-ED80-495F-985A-F40C61B3879D}.Debug|Any CPU.ActiveCfg = Debug|Any CPU
		{9EF6B21E-ED80-495F-985A-F40C61B3879D}.Debug|Any CPU.Build.0 = Debug|Any CPU
		{9EF6B21E-ED80-495F-985A-F40C61B3879D}.Release|Any CPU.ActiveCfg = Release|Any CPU
		{9EF6B21E-ED80-495F-985A-F40C61B3879D}.Release|Any CPU.Build.0 = Release|Any CPU
	EndGlobalSection
	GlobalSection(SolutionProperties) = preSolution
		HideSolutionNode = FALSE
	EndGlobalSection
	GlobalSection(ExtensibilityGlobals) = postSolution
		SolutionGuid = {1AE909E5-67AF-4BCA-9C9D-99249FB81FD6}
	EndGlobalSection
EndGlobal
